
Microsoft Visual Studio Solution File, Format Version 12.00
# Visual Studio Version 16
VisualStudioVersion = 16.0.29519.181
MinimumVisualStudioVersion = 10.0.40219.1
Project("{FAE04EC0-301F-11D3-BF4B-00C04F79EFBC}") = "SimpleAPI", "SimpleAPI\SimpleAPI.csproj", "{7D85A4EC-915E-498B-A527-2BAF5C5A7FAF}"
EndProject
Project("{FAE04EC0-301F-11D3-BF4B-00C04F79EFBC}") = "SimpleAPI.Test", "SimpleAPI.Test\SimpleAPI.Test.csproj", "{735A4D02-BA59-41BE-AE0B-A7F28D23104F}"
EndProject
Global
	GlobalSection(SolutionConfigurationPlatforms) = preSolution
		Debug|Any CPU = Debug|Any CPU
		Release|Any CPU = Release|Any CPU
	EndGlobalSection
	GlobalSection(ProjectConfigurationPlatforms) = postSolution
		{7D85A4EC-915E-498B-A527-2BAF5C5A7FAF}.Debug|Any CPU.ActiveCfg = Debug|Any CPU
		{7D85A4EC-915E-498B-A527-2BAF5C5A7FAF}.Debug|Any CPU.Build.0 = Debug|Any CPU
		{7D85A4EC-915E-498B-A527-2BAF5C5A7FAF}.Release|Any CPU.ActiveCfg = Release|Any CPU
		{7D85A4EC-915E-498B-A527-2BAF5C5A7FAF}.Release|Any CPU.Build.0 = Release|Any CPU
		{735A4D02-BA59-41BE-AE0B-A7F28D23104F}.Debug|Any CPU.ActiveCfg = Debug|Any CPU
		{735A4D02-BA59-41BE-AE0B-A7F28D23104F}.Debug|Any CPU.Build.0 = Debug|Any CPU
		{735A4D02-BA59-41BE-AE0B-A7F28D23104F}.Release|Any CPU.ActiveCfg = Release|Any CPU
		{735A4D02-BA59-41BE-AE0B-A7F28D23104F}.Release|Any CPU.Build.0 = Release|Any CPU
	EndGlobalSection
	GlobalSection(SolutionProperties) = preSolution
		HideSolutionNode = FALSE
	EndGlobalSection
	GlobalSection(ExtensibilityGlobals) = postSolution
		SolutionGuid = {DB12F7E5-0EB0-40D9-96DB-B40778A9C2A0}
	EndGlobalSection
EndGlobal
